// !$*UTF8*$!
{
	archiveVersion = 1;
	classes = {
	};
	objectVersion = 55;
	objects = {

/* Begin PBXBuildFile section */
		A41C26D828F87AF600A2A16C /* AppDelegate.swift in Sources */ = {isa = PBXBuildFile; fileRef = A41C26D728F87AF600A2A16C /* AppDelegate.swift */; };
		A41C26E128F87AF800A2A16C /* Assets.xcassets in Resources */ = {isa = PBXBuildFile; fileRef = A41C26E028F87AF800A2A16C /* Assets.xcassets */; };
		A41C26E428F87AF800A2A16C /* LaunchScreen.storyboard in Resources */ = {isa = PBXBuildFile; fileRef = A41C26E228F87AF800A2A16C /* LaunchScreen.storyboard */; };
		A41C26ED28F87F6100A2A16C /* MenuViewController.swift in Sources */ = {isa = PBXBuildFile; fileRef = A41C26EB28F87F6100A2A16C /* MenuViewController.swift */; };
		A41C26EE28F87F6100A2A16C /* MenuViewController.xib in Resources */ = {isa = PBXBuildFile; fileRef = A41C26EC28F87F6100A2A16C /* MenuViewController.xib */; };
		A41C26F128F880A100A2A16C /* TabBarModel.swift in Sources */ = {isa = PBXBuildFile; fileRef = A41C26F028F880A100A2A16C /* TabBarModel.swift */; };
		A41C26F328F880DB00A2A16C /* TabBarConfiguration.swift in Sources */ = {isa = PBXBuildFile; fileRef = A41C26F228F880DB00A2A16C /* TabBarConfiguration.swift */; };
		A41C26F828F8849600A2A16C /* ContactsViewController.swift in Sources */ = {isa = PBXBuildFile; fileRef = A41C26F628F8849600A2A16C /* ContactsViewController.swift */; };
		A41C26F928F8849600A2A16C /* ContactsViewController.xib in Resources */ = {isa = PBXBuildFile; fileRef = A41C26F728F8849600A2A16C /* ContactsViewController.xib */; };
		A41C26FD28F884B900A2A16C /* ProfileViewController.swift in Sources */ = {isa = PBXBuildFile; fileRef = A41C26FB28F884B900A2A16C /* ProfileViewController.swift */; };
		A41C26FE28F884B900A2A16C /* ProfileViewController.xib in Resources */ = {isa = PBXBuildFile; fileRef = A41C26FC28F884B900A2A16C /* ProfileViewController.xib */; };
		A41C270228F884D100A2A16C /* BasketViewController.swift in Sources */ = {isa = PBXBuildFile; fileRef = A41C270028F884D100A2A16C /* BasketViewController.swift */; };
		A41C270328F884D100A2A16C /* BasketViewController.xib in Resources */ = {isa = PBXBuildFile; fileRef = A41C270128F884D100A2A16C /* BasketViewController.xib */; };
/* End PBXBuildFile section */

/* Begin PBXFileReference section */
		A41C26D428F87AF600A2A16C /* Food Delivery App.app */ = {isa = PBXFileReference; explicitFileType = wrapper.application; includeInIndex = 0; path = "Food Delivery App.app"; sourceTree = BUILT_PRODUCTS_DIR; };
		A41C26D728F87AF600A2A16C /* AppDelegate.swift */ = {isa = PBXFileReference; lastKnownFileType = sourcecode.swift; path = AppDelegate.swift; sourceTree = "<group>"; };
		A41C26E028F87AF800A2A16C /* Assets.xcassets */ = {isa = PBXFileReference; lastKnownFileType = folder.assetcatalog; path = Assets.xcassets; sourceTree = "<group>"; };
		A41C26E328F87AF800A2A16C /* Base */ = {isa = PBXFileReference; lastKnownFileType = file.storyboard; name = Base; path = Base.lproj/LaunchScreen.storyboard; sourceTree = "<group>"; };
		A41C26E528F87AF800A2A16C /* Info.plist */ = {isa = PBXFileReference; lastKnownFileType = text.plist.xml; path = Info.plist; sourceTree = "<group>"; };
		A41C26EB28F87F6100A2A16C /* MenuViewController.swift */ = {isa = PBXFileReference; lastKnownFileType = sourcecode.swift; path = MenuViewController.swift; sourceTree = "<group>"; };
		A41C26EC28F87F6100A2A16C /* MenuViewController.xib */ = {isa = PBXFileReference; lastKnownFileType = file.xib; path = MenuViewController.xib; sourceTree = "<group>"; };
		A41C26F028F880A100A2A16C /* TabBarModel.swift */ = {isa = PBXFileReference; lastKnownFileType = sourcecode.swift; path = TabBarModel.swift; sourceTree = "<group>"; };
		A41C26F228F880DB00A2A16C /* TabBarConfiguration.swift */ = {isa = PBXFileReference; lastKnownFileType = sourcecode.swift; path = TabBarConfiguration.swift; sourceTree = "<group>"; };
		A41C26F628F8849600A2A16C /* ContactsViewController.swift */ = {isa = PBXFileReference; lastKnownFileType = sourcecode.swift; path = ContactsViewController.swift; sourceTree = "<group>"; };
		A41C26F728F8849600A2A16C /* ContactsViewController.xib */ = {isa = PBXFileReference; lastKnownFileType = file.xib; path = ContactsViewController.xib; sourceTree = "<group>"; };
		A41C26FB28F884B900A2A16C /* ProfileViewController.swift */ = {isa = PBXFileReference; lastKnownFileType = sourcecode.swift; path = ProfileViewController.swift; sourceTree = "<group>"; };
		A41C26FC28F884B900A2A16C /* ProfileViewController.xib */ = {isa = PBXFileReference; lastKnownFileType = file.xib; path = ProfileViewController.xib; sourceTree = "<group>"; };
		A41C270028F884D100A2A16C /* BasketViewController.swift */ = {isa = PBXFileReference; lastKnownFileType = sourcecode.swift; path = BasketViewController.swift; sourceTree = "<group>"; };
		A41C270128F884D100A2A16C /* BasketViewController.xib */ = {isa = PBXFileReference; lastKnownFileType = file.xib; path = BasketViewController.xib; sourceTree = "<group>"; };
/* End PBXFileReference section */

/* Begin PBXFrameworksBuildPhase section */
		A41C26D128F87AF600A2A16C /* Frameworks */ = {
			isa = PBXFrameworksBuildPhase;
			buildActionMask = 2147483647;
			files = (
			);
			runOnlyForDeploymentPostprocessing = 0;
		};
/* End PBXFrameworksBuildPhase section */

/* Begin PBXGroup section */
		A41C26CB28F87AF600A2A16C = {
			isa = PBXGroup;
			children = (
				A41C26D728F87AF600A2A16C /* AppDelegate.swift */,
				A41C26D628F87AF600A2A16C /* Food Delivery App */,
				A41C26D528F87AF600A2A16C /* Products */,
			);
			sourceTree = "<group>";
		};
		A41C26D528F87AF600A2A16C /* Products */ = {
			isa = PBXGroup;
			children = (
				A41C26D428F87AF600A2A16C /* Food Delivery App.app */,
			);
			name = Products;
			sourceTree = "<group>";
		};
		A41C26D628F87AF600A2A16C /* Food Delivery App */ = {
			isa = PBXGroup;
			children = (
				A41C26FF28F884BF00A2A16C /* Basket */,
				A41C26FA28F884A800A2A16C /* Profile */,
				A41C26F528F8847300A2A16C /* Contacts */,
				A41C26F428F8810700A2A16C /* Menu */,
				A41C26EF28F8807B00A2A16C /* TabBar */,
				A41C26E028F87AF800A2A16C /* Assets.xcassets */,
				A41C26E228F87AF800A2A16C /* LaunchScreen.storyboard */,
				A41C26E528F87AF800A2A16C /* Info.plist */,
			);
			path = "Food Delivery App";
			sourceTree = "<group>";
		};
		A41C26EF28F8807B00A2A16C /* TabBar */ = {
			isa = PBXGroup;
			children = (
				A41C26F028F880A100A2A16C /* TabBarModel.swift */,
				A41C26F228F880DB00A2A16C /* TabBarConfiguration.swift */,
			);
			path = TabBar;
			sourceTree = "<group>";
		};
		A41C26F428F8810700A2A16C /* Menu */ = {
			isa = PBXGroup;
			children = (
				A41C26EB28F87F6100A2A16C /* MenuViewController.swift */,
				A41C26EC28F87F6100A2A16C /* MenuViewController.xib */,
			);
			path = Menu;
			sourceTree = "<group>";
		};
		A41C26F528F8847300A2A16C /* Contacts */ = {
			isa = PBXGroup;
			children = (
				A41C26F628F8849600A2A16C /* ContactsViewController.swift */,
				A41C26F728F8849600A2A16C /* ContactsViewController.xib */,
			);
			path = Contacts;
			sourceTree = "<group>";
		};
		A41C26FA28F884A800A2A16C /* Profile */ = {
			isa = PBXGroup;
			children = (
				A41C26FB28F884B900A2A16C /* ProfileViewController.swift */,
				A41C26FC28F884B900A2A16C /* ProfileViewController.xib */,
			);
			path = Profile;
			sourceTree = "<group>";
		};
		A41C26FF28F884BF00A2A16C /* Basket */ = {
			isa = PBXGroup;
			children = (
				A41C270028F884D100A2A16C /* BasketViewController.swift */,
				A41C270128F884D100A2A16C /* BasketViewController.xib */,
			);
			path = Basket;
			sourceTree = "<group>";
		};
/* End PBXGroup section */

/* Begin PBXNativeTarget section */
		A41C26D328F87AF600A2A16C /* Food Delivery App */ = {
			isa = PBXNativeTarget;
			buildConfigurationList = A41C26E828F87AF800A2A16C /* Build configuration list for PBXNativeTarget "Food Delivery App" */;
			buildPhases = (
				A41C26D028F87AF600A2A16C /* Sources */,
				A41C26D128F87AF600A2A16C /* Frameworks */,
				A41C26D228F87AF600A2A16C /* Resources */,
			);
			buildRules = (
			);
			dependencies = (
			);
			name = "Food Delivery App";
			productName = "Food Delivery App";
			productReference = A41C26D428F87AF600A2A16C /* Food Delivery App.app */;
			productType = "com.apple.product-type.application";
		};
/* End PBXNativeTarget section */

/* Begin PBXProject section */
		A41C26CC28F87AF600A2A16C /* Project object */ = {
			isa = PBXProject;
			attributes = {
				BuildIndependentTargetsInParallel = 1;
				LastSwiftUpdateCheck = 1320;
				LastUpgradeCheck = 1320;
				TargetAttributes = {
					A41C26D328F87AF600A2A16C = {
						CreatedOnToolsVersion = 13.2.1;
					};
				};
			};
			buildConfigurationList = A41C26CF28F87AF600A2A16C /* Build configuration list for PBXProject "Food Delivery App" */;
			compatibilityVersion = "Xcode 13.0";
			developmentRegion = en;
			hasScannedForEncodings = 0;
			knownRegions = (
				en,
				Base,
			);
			mainGroup = A41C26CB28F87AF600A2A16C;
			productRefGroup = A41C26D528F87AF600A2A16C /* Products */;
			projectDirPath = "";
			projectRoot = "";
			targets = (
				A41C26D328F87AF600A2A16C /* Food Delivery App */,
			);
		};
/* End PBXProject section */

/* Begin PBXResourcesBuildPhase section */
		A41C26D228F87AF600A2A16C /* Resources */ = {
			isa = PBXResourcesBuildPhase;
			buildActionMask = 2147483647;
			files = (
				A41C26FE28F884B900A2A16C /* ProfileViewController.xib in Resources */,
				A41C26E428F87AF800A2A16C /* LaunchScreen.storyboard in Resources */,
				A41C26E128F87AF800A2A16C /* Assets.xcassets in Resources */,
				A41C270328F884D100A2A16C /* BasketViewController.xib in Resources */,
				A41C26EE28F87F6100A2A16C /* MenuViewController.xib in Resources */,
				A41C26F928F8849600A2A16C /* ContactsViewController.xib in Resources */,
			);
			runOnlyForDeploymentPostprocessing = 0;
		};
/* End PBXResourcesBuildPhase section */

/* Begin PBXSourcesBuildPhase section */
		A41C26D028F87AF600A2A16C /* Sources */ = {
			isa = PBXSourcesBuildPhase;
			buildActionMask = 2147483647;
			files = (
				A41C26F128F880A100A2A16C /* TabBarModel.swift in Sources */,
				A41C26D828F87AF600A2A16C /* AppDelegate.swift in Sources */,
				A41C26F328F880DB00A2A16C /* TabBarConfiguration.swift in Sources */,
				A41C26FD28F884B900A2A16C /* ProfileViewController.swift in Sources */,
				A41C26ED28F87F6100A2A16C /* MenuViewController.swift in Sources */,
				A41C270228F884D100A2A16C /* BasketViewController.swift in Sources */,
				A41C26F828F8849600A2A16C /* ContactsViewController.swift in Sources */,
			);
			runOnlyForDeploymentPostprocessing = 0;
		};
/* End PBXSourcesBuildPhase section */

/* Begin PBXVariantGroup section */
		A41C26E228F87AF800A2A16C /* LaunchScreen.storyboard */ = {
			isa = PBXVariantGroup;
			children = (
				A41C26E328F87AF800A2A16C /* Base */,
			);
			name = LaunchScreen.storyboard;
			sourceTree = "<group>";
		};
/* End PBXVariantGroup section */

/* Begin XCBuildConfiguration section */
		A41C26E628F87AF800A2A16C /* Debug */ = {
			isa = XCBuildConfiguration;
			buildSettings = {
				ALWAYS_SEARCH_USER_PATHS = NO;
				CLANG_ANALYZER_NONNULL = YES;
				CLANG_ANALYZER_NUMBER_OBJECT_CONVERSION = YES_AGGRESSIVE;
				CLANG_CXX_LANGUAGE_STANDARD = "gnu++17";
				CLANG_CXX_LIBRARY = "libc++";
				CLANG_ENABLE_MODULES = YES;
				CLANG_ENABLE_OBJC_ARC = YES;
				CLANG_ENABLE_OBJC_WEAK = YES;
				CLANG_WARN_BLOCK_CAPTURE_AUTORELEASING = YES;
				CLANG_WARN_BOOL_CONVERSION = YES;
				CLANG_WARN_COMMA = YES;
				CLANG_WARN_CONSTANT_CONVERSION = YES;
				CLANG_WARN_DEPRECATED_OBJC_IMPLEMENTATIONS = YES;
				CLANG_WARN_DIRECT_OBJC_ISA_USAGE = YES_ERROR;
				CLANG_WARN_DOCUMENTATION_COMMENTS = YES;
				CLANG_WARN_EMPTY_BODY = YES;
				CLANG_WARN_ENUM_CONVERSION = YES;
				CLANG_WARN_INFINITE_RECURSION = YES;
				CLANG_WARN_INT_CONVERSION = YES;
				CLANG_WARN_NON_LITERAL_NULL_CONVERSION = YES;
				CLANG_WARN_OBJC_IMPLICIT_RETAIN_SELF = YES;
				CLANG_WARN_OBJC_LITERAL_CONVERSION = YES;
				CLANG_WARN_OBJC_ROOT_CLASS = YES_ERROR;
				CLANG_WARN_QUOTED_INCLUDE_IN_FRAMEWORK_HEADER = YES;
				CLANG_WARN_RANGE_LOOP_ANALYSIS = YES;
				CLANG_WARN_STRICT_PROTOTYPES = YES;
				CLANG_WARN_SUSPICIOUS_MOVE = YES;
				CLANG_WARN_UNGUARDED_AVAILABILITY = YES_AGGRESSIVE;
				CLANG_WARN_UNREACHABLE_CODE = YES;
				CLANG_WARN__DUPLICATE_METHOD_MATCH = YES;
				COPY_PHASE_STRIP = NO;
				DEBUG_INFORMATION_FORMAT = dwarf;
				ENABLE_STRICT_OBJC_MSGSEND = YES;
				ENABLE_TESTABILITY = YES;
				GCC_C_LANGUAGE_STANDARD = gnu11;
				GCC_DYNAMIC_NO_PIC = NO;
				GCC_NO_COMMON_BLOCKS = YES;
				GCC_OPTIMIZATION_LEVEL = 0;
				GCC_PREPROCESSOR_DEFINITIONS = (
					"DEBUG=1",
					"$(inherited)",
				);
				GCC_WARN_64_TO_32_BIT_CONVERSION = YES;
				GCC_WARN_ABOUT_RETURN_TYPE = YES_ERROR;
				GCC_WARN_UNDECLARED_SELECTOR = YES;
				GCC_WARN_UNINITIALIZED_AUTOS = YES_AGGRESSIVE;
				GCC_WARN_UNUSED_FUNCTION = YES;
				GCC_WARN_UNUSED_VARIABLE = YES;
				IPHONEOS_DEPLOYMENT_TARGET = 15.2;
				MTL_ENABLE_DEBUG_INFO = INCLUDE_SOURCE;
				MTL_FAST_MATH = YES;
				ONLY_ACTIVE_ARCH = YES;
				SDKROOT = iphoneos;
				SWIFT_ACTIVE_COMPILATION_CONDITIONS = DEBUG;
				SWIFT_OPTIMIZATION_LEVEL = "-Onone";
			};
			name = Debug;
		};
		A41C26E728F87AF800A2A16C /* Release */ = {
			isa = XCBuildConfiguration;
			buildSettings = {
				ALWAYS_SEARCH_USER_PATHS = NO;
				CLANG_ANALYZER_NONNULL = YES;
				CLANG_ANALYZER_NUMBER_OBJECT_CONVERSION = YES_AGGRESSIVE;
				CLANG_CXX_LANGUAGE_STANDARD = "gnu++17";
				CLANG_CXX_LIBRARY = "libc++";
				CLANG_ENABLE_MODULES = YES;
				CLANG_ENABLE_OBJC_ARC = YES;
				CLANG_ENABLE_OBJC_WEAK = YES;
				CLANG_WARN_BLOCK_CAPTURE_AUTORELEASING = YES;
				CLANG_WARN_BOOL_CONVERSION = YES;
				CLANG_WARN_COMMA = YES;
				CLANG_WARN_CONSTANT_CONVERSION = YES;
				CLANG_WARN_DEPRECATED_OBJC_IMPLEMENTATIONS = YES;
				CLANG_WARN_DIRECT_OBJC_ISA_USAGE = YES_ERROR;
				CLANG_WARN_DOCUMENTATION_COMMENTS = YES;
				CLANG_WARN_EMPTY_BODY = YES;
				CLANG_WARN_ENUM_CONVERSION = YES;
				CLANG_WARN_INFINITE_RECURSION = YES;
				CLANG_WARN_INT_CONVERSION = YES;
				CLANG_WARN_NON_LITERAL_NULL_CONVERSION = YES;
				CLANG_WARN_OBJC_IMPLICIT_RETAIN_SELF = YES;
				CLANG_WARN_OBJC_LITERAL_CONVERSION = YES;
				CLANG_WARN_OBJC_ROOT_CLASS = YES_ERROR;
				CLANG_WARN_QUOTED_INCLUDE_IN_FRAMEWORK_HEADER = YES;
				CLANG_WARN_RANGE_LOOP_ANALYSIS = YES;
				CLANG_WARN_STRICT_PROTOTYPES = YES;
				CLANG_WARN_SUSPICIOUS_MOVE = YES;
				CLANG_WARN_UNGUARDED_AVAILABILITY = YES_AGGRESSIVE;
				CLANG_WARN_UNREACHABLE_CODE = YES;
				CLANG_WARN__DUPLICATE_METHOD_MATCH = YES;
				COPY_PHASE_STRIP = NO;
				DEBUG_INFORMATION_FORMAT = "dwarf-with-dsym";
				ENABLE_NS_ASSERTIONS = NO;
				ENABLE_STRICT_OBJC_MSGSEND = YES;
				GCC_C_LANGUAGE_STANDARD = gnu11;
				GCC_NO_COMMON_BLOCKS = YES;
				GCC_WARN_64_TO_32_BIT_CONVERSION = YES;
				GCC_WARN_ABOUT_RETURN_TYPE = YES_ERROR;
				GCC_WARN_UNDECLARED_SELECTOR = YES;
				GCC_WARN_UNINITIALIZED_AUTOS = YES_AGGRESSIVE;
				GCC_WARN_UNUSED_FUNCTION = YES;
				GCC_WARN_UNUSED_VARIABLE = YES;
				IPHONEOS_DEPLOYMENT_TARGET = 15.2;
				MTL_ENABLE_DEBUG_INFO = NO;
				MTL_FAST_MATH = YES;
				SDKROOT = iphoneos;
				SWIFT_COMPILATION_MODE = wholemodule;
				SWIFT_OPTIMIZATION_LEVEL = "-O";
				VALIDATE_PRODUCT = YES;
			};
			name = Release;
		};
		A41C26E928F87AF800A2A16C /* Debug */ = {
			isa = XCBuildConfiguration;
			buildSettings = {
				ASSETCATALOG_COMPILER_APPICON_NAME = AppIcon;
				ASSETCATALOG_COMPILER_GLOBAL_ACCENT_COLOR_NAME = AccentColor;
				CODE_SIGN_STYLE = Automatic;
				CURRENT_PROJECT_VERSION = 1;
				DEVELOPMENT_TEAM = 923JFM2J84;
				GENERATE_INFOPLIST_FILE = YES;
				INFOPLIST_FILE = "Food Delivery App/Info.plist";
				INFOPLIST_KEY_NSMainNibFile = MenuViewController;
				INFOPLIST_KEY_UIApplicationSupportsIndirectInputEvents = YES;
				INFOPLIST_KEY_UILaunchStoryboardName = LaunchScreen;
				INFOPLIST_KEY_UISupportedInterfaceOrientations_iPad = "UIInterfaceOrientationPortrait UIInterfaceOrientationPortraitUpsideDown UIInterfaceOrientationLandscapeLeft UIInterfaceOrientationLandscapeRight";
				INFOPLIST_KEY_UISupportedInterfaceOrientations_iPhone = "UIInterfaceOrientationPortrait UIInterfaceOrientationLandscapeLeft UIInterfaceOrientationLandscapeRight";
				LD_RUNPATH_SEARCH_PATHS = (
					"$(inherited)",
					"@executable_path/Frameworks",
				);
				MARKETING_VERSION = 1.0;
				PRODUCT_BUNDLE_IDENTIFIER = "Dmitry-Bessonov.Food-Delivery-App";
				PRODUCT_NAME = "$(TARGET_NAME)";
				SWIFT_EMIT_LOC_STRINGS = YES;
				SWIFT_VERSION = 5.0;
				TARGETED_DEVICE_FAMILY = "1,2";
			};
			name = Debug;
		};
		A41C26EA28F87AF800A2A16C /* Release */ = {
			isa = XCBuildConfiguration;
			buildSettings = {
				ASSETCATALOG_COMPILER_APPICON_NAME = AppIcon;
				ASSETCATALOG_COMPILER_GLOBAL_ACCENT_COLOR_NAME = AccentColor;
				CODE_SIGN_STYLE = Automatic;
				CURRENT_PROJECT_VERSION = 1;
				DEVELOPMENT_TEAM = 923JFM2J84;
				GENERATE_INFOPLIST_FILE = YES;
				INFOPLIST_FILE = "Food Delivery App/Info.plist";
				INFOPLIST_KEY_NSMainNibFile = MenuViewController;
				INFOPLIST_KEY_UIApplicationSupportsIndirectInputEvents = YES;
				INFOPLIST_KEY_UILaunchStoryboardName = LaunchScreen;
				INFOPLIST_KEY_UISupportedInterfaceOrientations_iPad = "UIInterfaceOrientationPortrait UIInterfaceOrientationPortraitUpsideDown UIInterfaceOrientationLandscapeLeft UIInterfaceOrientationLandscapeRight";
				INFOPLIST_KEY_UISupportedInterfaceOrientations_iPhone = "UIInterfaceOrientationPortrait UIInterfaceOrientationLandscapeLeft UIInterfaceOrientationLandscapeRight";
				LD_RUNPATH_SEARCH_PATHS = (
					"$(inherited)",
					"@executable_path/Frameworks",
				);
				MARKETING_VERSION = 1.0;
				PRODUCT_BUNDLE_IDENTIFIER = "Dmitry-Bessonov.Food-Delivery-App";
				PRODUCT_NAME = "$(TARGET_NAME)";
				SWIFT_EMIT_LOC_STRINGS = YES;
				SWIFT_VERSION = 5.0;
				TARGETED_DEVICE_FAMILY = "1,2";
			};
			name = Release;
		};
/* End XCBuildConfiguration section */

/* Begin XCConfigurationList section */
		A41C26CF28F87AF600A2A16C /* Build configuration list for PBXProject "Food Delivery App" */ = {
			isa = XCConfigurationList;
			buildConfigurations = (
				A41C26E628F87AF800A2A16C /* Debug */,
				A41C26E728F87AF800A2A16C /* Release */,
			);
			defaultConfigurationIsVisible = 0;
			defaultConfigurationName = Release;
		};
		A41C26E828F87AF800A2A16C /* Build configuration list for PBXNativeTarget "Food Delivery App" */ = {
			isa = XCConfigurationList;
			buildConfigurations = (
				A41C26E928F87AF800A2A16C /* Debug */,
				A41C26EA28F87AF800A2A16C /* Release */,
			);
			defaultConfigurationIsVisible = 0;
			defaultConfigurationName = Release;
		};
/* End XCConfigurationList section */
	};
	rootObject = A41C26CC28F87AF600A2A16C /* Project object */;
}
